lockfileVersion: '6.0'

settings:
  autoInstallPeers: true
  excludeLinksFromLockfile: false

dependencies:
  circular-json:
    specifier: ^0.5.9
    version: 0.5.9

packages:

  /circular-json@0.5.9:
    resolution: {integrity: sha512-4ivwqHpIFJZBuhN3g/pEcdbnGUywkBblloGbkglyloVjjR3uT6tieI89MVOfbP2tHX5sgb01FuLgAOzebNlJNQ==}
    deprecated: CircularJSON is in maintenance only, flatted is its successor.
    dev: false
